// !$*UTF8*$!
{
	archiveVersion = 1;
	classes = {
	};
	objectVersion = 51;
	objects = {

/* Begin PBXBuildFile section */
		74D04F979BD0418F01792B8D /* Pods_Countries.framework in Frameworks */ = {isa = PBXBuildFile; fileRef = 8B8F3411D26EFECD458B5F31 /* Pods_Countries.framework */; };
		B1B9836E237172FB00EAFD2D /* AppDelegate.swift in Sources */ = {isa = PBXBuildFile; fileRef = B1B9836D237172FB00EAFD2D /* AppDelegate.swift */; };
		B1B98370237172FB00EAFD2D /* SceneDelegate.swift in Sources */ = {isa = PBXBuildFile; fileRef = B1B9836F237172FB00EAFD2D /* SceneDelegate.swift */; };
		B1B98375237172FB00EAFD2D /* Main.storyboard in Resources */ = {isa = PBXBuildFile; fileRef = B1B98373237172FB00EAFD2D /* Main.storyboard */; };
		B1B98377237172FE00EAFD2D /* Assets.xcassets in Resources */ = {isa = PBXBuildFile; fileRef = B1B98376237172FE00EAFD2D /* Assets.xcassets */; };
		B1B9837A237172FE00EAFD2D /* LaunchScreen.storyboard in Resources */ = {isa = PBXBuildFile; fileRef = B1B98378237172FE00EAFD2D /* LaunchScreen.storyboard */; };
		B1B9838423717A5D00EAFD2D /* CountriesViewController.swift in Sources */ = {isa = PBXBuildFile; fileRef = B1B9838323717A5D00EAFD2D /* CountriesViewController.swift */; };
		B1B9838A23717B5E00EAFD2D /* Storyboard.swift in Sources */ = {isa = PBXBuildFile; fileRef = B1B9838923717B5E00EAFD2D /* Storyboard.swift */; };
		B1B9838C23717BD000EAFD2D /* Countries.storyboard in Resources */ = {isa = PBXBuildFile; fileRef = B1B9838B23717BCF00EAFD2D /* Countries.storyboard */; };
		B1B98392237181CF00EAFD2D /* CountriesTableViewDelegate.swift in Sources */ = {isa = PBXBuildFile; fileRef = B1B98391237181CF00EAFD2D /* CountriesTableViewDelegate.swift */; };
		B1B98394237181FC00EAFD2D /* CountriesTableViewDataSource.swift in Sources */ = {isa = PBXBuildFile; fileRef = B1B98393237181FC00EAFD2D /* CountriesTableViewDataSource.swift */; };
		B1B983972371830800EAFD2D /* CountriesCell.swift in Sources */ = {isa = PBXBuildFile; fileRef = B1B983952371830800EAFD2D /* CountriesCell.swift */; };
		B1B983982371830800EAFD2D /* CountriesCell.xib in Resources */ = {isa = PBXBuildFile; fileRef = B1B983962371830800EAFD2D /* CountriesCell.xib */; };
		B1B9839A2371840E00EAFD2D /* UITableView.swift in Sources */ = {isa = PBXBuildFile; fileRef = B1B983992371840E00EAFD2D /* UITableView.swift */; };
		B1B9839D237187EA00EAFD2D /* Country.swift in Sources */ = {isa = PBXBuildFile; fileRef = B1B9839C237187EA00EAFD2D /* Country.swift */; };
		B1B983A0237199A000EAFD2D /* Service.swift in Sources */ = {isa = PBXBuildFile; fileRef = B1B9839F237199A000EAFD2D /* Service.swift */; };
		B1B983A22371A11E00EAFD2D /* BordersViewController.swift in Sources */ = {isa = PBXBuildFile; fileRef = B1B983A12371A11E00EAFD2D /* BordersViewController.swift */; };
		B1B983A52371A2B600EAFD2D /* Borders.storyboard in Resources */ = {isa = PBXBuildFile; fileRef = B1B983A42371A2B600EAFD2D /* Borders.storyboard */; };
/* End PBXBuildFile section */

/* Begin PBXFileReference section */
		8B8F3411D26EFECD458B5F31 /* Pods_Countries.framework */ = {isa = PBXFileReference; explicitFileType = wrapper.framework; includeInIndex = 0; path = Pods_Countries.framework; sourceTree = BUILT_PRODUCTS_DIR; };
		97675C733F47A8ED805EA747 /* Pods-Countries.debug.xcconfig */ = {isa = PBXFileReference; includeInIndex = 1; lastKnownFileType = text.xcconfig; name = "Pods-Countries.debug.xcconfig"; path = "Target Support Files/Pods-Countries/Pods-Countries.debug.xcconfig"; sourceTree = "<group>"; };
		B1B9836A237172FB00EAFD2D /* Countries.app */ = {isa = PBXFileReference; explicitFileType = wrapper.application; includeInIndex = 0; path = Countries.app; sourceTree = BUILT_PRODUCTS_DIR; };
		B1B9836D237172FB00EAFD2D /* AppDelegate.swift */ = {isa = PBXFileReference; lastKnownFileType = sourcecode.swift; path = AppDelegate.swift; sourceTree = "<group>"; };
		B1B9836F237172FB00EAFD2D /* SceneDelegate.swift */ = {isa = PBXFileReference; lastKnownFileType = sourcecode.swift; path = SceneDelegate.swift; sourceTree = "<group>"; };
		B1B98374237172FB00EAFD2D /* Base */ = {isa = PBXFileReference; lastKnownFileType = file.storyboard; name = Base; path = Base.lproj/Main.storyboard; sourceTree = "<group>"; };
		B1B98376237172FE00EAFD2D /* Assets.xcassets */ = {isa = PBXFileReference; lastKnownFileType = folder.assetcatalog; path = Assets.xcassets; sourceTree = "<group>"; };
		B1B98379237172FE00EAFD2D /* Base */ = {isa = PBXFileReference; lastKnownFileType = file.storyboard; name = Base; path = Base.lproj/LaunchScreen.storyboard; sourceTree = "<group>"; };
		B1B9837B237172FE00EAFD2D /* Info.plist */ = {isa = PBXFileReference; lastKnownFileType = text.plist.xml; path = Info.plist; sourceTree = "<group>"; };
		B1B9838323717A5D00EAFD2D /* CountriesViewController.swift */ = {isa = PBXFileReference; lastKnownFileType = sourcecode.swift; path = CountriesViewController.swift; sourceTree = "<group>"; };
		B1B9838923717B5E00EAFD2D /* Storyboard.swift */ = {isa = PBXFileReference; lastKnownFileType = sourcecode.swift; path = Storyboard.swift; sourceTree = "<group>"; };
		B1B9838B23717BCF00EAFD2D /* Countries.storyboard */ = {isa = PBXFileReference; lastKnownFileType = file.storyboard; path = Countries.storyboard; sourceTree = "<group>"; };
		B1B98391237181CF00EAFD2D /* CountriesTableViewDelegate.swift */ = {isa = PBXFileReference; lastKnownFileType = sourcecode.swift; path = CountriesTableViewDelegate.swift; sourceTree = "<group>"; };
		B1B98393237181FC00EAFD2D /* CountriesTableViewDataSource.swift */ = {isa = PBXFileReference; lastKnownFileType = sourcecode.swift; path = CountriesTableViewDataSource.swift; sourceTree = "<group>"; };
		B1B983952371830800EAFD2D /* CountriesCell.swift */ = {isa = PBXFileReference; lastKnownFileType = sourcecode.swift; path = CountriesCell.swift; sourceTree = "<group>"; };
		B1B983962371830800EAFD2D /* CountriesCell.xib */ = {isa = PBXFileReference; lastKnownFileType = file.xib; path = CountriesCell.xib; sourceTree = "<group>"; };
		B1B983992371840E00EAFD2D /* UITableView.swift */ = {isa = PBXFileReference; lastKnownFileType = sourcecode.swift; path = UITableView.swift; sourceTree = "<group>"; };
		B1B9839C237187EA00EAFD2D /* Country.swift */ = {isa = PBXFileReference; lastKnownFileType = sourcecode.swift; path = Country.swift; sourceTree = "<group>"; };
		B1B9839F237199A000EAFD2D /* Service.swift */ = {isa = PBXFileReference; lastKnownFileType = sourcecode.swift; path = Service.swift; sourceTree = "<group>"; };
		B1B983A12371A11E00EAFD2D /* BordersViewController.swift */ = {isa = PBXFileReference; lastKnownFileType = sourcecode.swift; path = BordersViewController.swift; sourceTree = "<group>"; };
		B1B983A42371A2B600EAFD2D /* Borders.storyboard */ = {isa = PBXFileReference; lastKnownFileType = file.storyboard; path = Borders.storyboard; sourceTree = "<group>"; };
		BA3CCFF7D905A19D6BC1809B /* Pods-Countries.release.xcconfig */ = {isa = PBXFileReference; includeInIndex = 1; lastKnownFileType = text.xcconfig; name = "Pods-Countries.release.xcconfig"; path = "Target Support Files/Pods-Countries/Pods-Countries.release.xcconfig"; sourceTree = "<group>"; };
/* End PBXFileReference section */

/* Begin PBXFrameworksBuildPhase section */
		B1B98367237172FB00EAFD2D /* Frameworks */ = {
			isa = PBXFrameworksBuildPhase;
			buildActionMask = 2147483647;
			files = (
				74D04F979BD0418F01792B8D /* Pods_Countries.framework in Frameworks */,
			);
			runOnlyForDeploymentPostprocessing = 0;
		};
/* End PBXFrameworksBuildPhase section */

/* Begin PBXGroup section */
		42291C016AF908D6530803C5 /* Pods */ = {
			isa = PBXGroup;
			children = (
				97675C733F47A8ED805EA747 /* Pods-Countries.debug.xcconfig */,
				BA3CCFF7D905A19D6BC1809B /* Pods-Countries.release.xcconfig */,
			);
			path = Pods;
			sourceTree = "<group>";
		};
		94A56214273C0B943A49020C /* Frameworks */ = {
			isa = PBXGroup;
			children = (
				8B8F3411D26EFECD458B5F31 /* Pods_Countries.framework */,
			);
			name = Frameworks;
			sourceTree = "<group>";
		};
		B1B98361237172FB00EAFD2D = {
			isa = PBXGroup;
			children = (
				B1B9836C237172FB00EAFD2D /* Countries */,
				B1B9838D23717DCB00EAFD2D /* Supporting */,
				B1B9836B237172FB00EAFD2D /* Products */,
				42291C016AF908D6530803C5 /* Pods */,
				94A56214273C0B943A49020C /* Frameworks */,
			);
			sourceTree = "<group>";
		};
		B1B9836B237172FB00EAFD2D /* Products */ = {
			isa = PBXGroup;
			children = (
				B1B9836A237172FB00EAFD2D /* Countries.app */,
			);
			name = Products;
			sourceTree = "<group>";
		};
		B1B9836C237172FB00EAFD2D /* Countries */ = {
			isa = PBXGroup;
			children = (
				B1B9839E2371998C00EAFD2D /* Networking */,
				B1B9839B237187BB00EAFD2D /* Model */,
				B1B9838823717B4200EAFD2D /* Extensions */,
				B1B9838223717A2100EAFD2D /* Modules */,
				B1B98381237175AE00EAFD2D /* Storyboards */,
				B1B9836D237172FB00EAFD2D /* AppDelegate.swift */,
				B1B9836F237172FB00EAFD2D /* SceneDelegate.swift */,
			);
			path = Countries;
			sourceTree = "<group>";
		};
		B1B98381237175AE00EAFD2D /* Storyboards */ = {
			isa = PBXGroup;
			children = (
				B1B9838B23717BCF00EAFD2D /* Countries.storyboard */,
				B1B983A42371A2B600EAFD2D /* Borders.storyboard */,
			);
			path = Storyboards;
			sourceTree = "<group>";
		};
		B1B9838223717A2100EAFD2D /* Modules */ = {
			isa = PBXGroup;
			children = (
				B1B983A32371A12900EAFD2D /* Borders */,
				B1B9838E2371818600EAFD2D /* Countries */,
			);
			path = Modules;
			sourceTree = "<group>";
		};
		B1B9838823717B4200EAFD2D /* Extensions */ = {
			isa = PBXGroup;
			children = (
				B1B9838923717B5E00EAFD2D /* Storyboard.swift */,
				B1B983992371840E00EAFD2D /* UITableView.swift */,
			);
			path = Extensions;
			sourceTree = "<group>";
		};
		B1B9838D23717DCB00EAFD2D /* Supporting */ = {
			isa = PBXGroup;
			children = (
				B1B98376237172FE00EAFD2D /* Assets.xcassets */,
				B1B9837B237172FE00EAFD2D /* Info.plist */,
				B1B98378237172FE00EAFD2D /* LaunchScreen.storyboard */,
				B1B98373237172FB00EAFD2D /* Main.storyboard */,
			);
			path = Supporting;
			sourceTree = "<group>";
		};
		B1B9838E2371818600EAFD2D /* Countries */ = {
			isa = PBXGroup;
			children = (
				B1B9838323717A5D00EAFD2D /* CountriesViewController.swift */,
				B1B98390237181A100EAFD2D /* DataSource&Delegate */,
				B1B9838F2371819700EAFD2D /* Cells */,
			);
			path = Countries;
			sourceTree = "<group>";
		};
		B1B9838F2371819700EAFD2D /* Cells */ = {
			isa = PBXGroup;
			children = (
				B1B983952371830800EAFD2D /* CountriesCell.swift */,
				B1B983962371830800EAFD2D /* CountriesCell.xib */,
			);
			path = Cells;
			sourceTree = "<group>";
		};
		B1B98390237181A100EAFD2D /* DataSource&Delegate */ = {
			isa = PBXGroup;
			children = (
				B1B98391237181CF00EAFD2D /* CountriesTableViewDelegate.swift */,
				B1B98393237181FC00EAFD2D /* CountriesTableViewDataSource.swift */,
			);
			path = "DataSource&Delegate";
			sourceTree = "<group>";
		};
		B1B9839B237187BB00EAFD2D /* Model */ = {
			isa = PBXGroup;
			children = (
				B1B9839C237187EA00EAFD2D /* Country.swift */,
			);
			path = Model;
			sourceTree = "<group>";
		};
		B1B9839E2371998C00EAFD2D /* Networking */ = {
			isa = PBXGroup;
			children = (
				B1B9839F237199A000EAFD2D /* Service.swift */,
			);
			path = Networking;
			sourceTree = "<group>";
		};
		B1B983A32371A12900EAFD2D /* Borders */ = {
			isa = PBXGroup;
			children = (
				B1B983A12371A11E00EAFD2D /* BordersViewController.swift */,
			);
			path = Borders;
			sourceTree = "<group>";
		};
/* End PBXGroup section */

/* Begin PBXNativeTarget section */
		B1B98369237172FB00EAFD2D /* Countries */ = {
			isa = PBXNativeTarget;
			buildConfigurationList = B1B9837E237172FE00EAFD2D /* Build configuration list for PBXNativeTarget "Countries" */;
			buildPhases = (
				DB2E558EE5FB494FBB3BE6B1 /* [CP] Check Pods Manifest.lock */,
				B1B98366237172FB00EAFD2D /* Sources */,
				B1B98367237172FB00EAFD2D /* Frameworks */,
				B1B98368237172FB00EAFD2D /* Resources */,
				E79241CAB5E286881E2A74C4 /* [CP] Embed Pods Frameworks */,
			);
			buildRules = (
			);
			dependencies = (
			);
			name = Countries;
			productName = Countries;
			productReference = B1B9836A237172FB00EAFD2D /* Countries.app */;
			productType = "com.apple.product-type.application";
		};
/* End PBXNativeTarget section */

/* Begin PBXProject section */
		B1B98362237172FB00EAFD2D /* Project object */ = {
			isa = PBXProject;
			attributes = {
				LastSwiftUpdateCheck = 1110;
				LastUpgradeCheck = 1110;
				ORGANIZATIONNAME = "Tom Zion";
				TargetAttributes = {
					B1B98369237172FB00EAFD2D = {
						CreatedOnToolsVersion = 11.1;
					};
				};
			};
			buildConfigurationList = B1B98365237172FB00EAFD2D /* Build configuration list for PBXProject "Countries" */;
			compatibilityVersion = "Xcode 9.3";
			developmentRegion = en;
			hasScannedForEncodings = 0;
			knownRegions = (
				en,
				Base,
			);
			mainGroup = B1B98361237172FB00EAFD2D;
			productRefGroup = B1B9836B237172FB00EAFD2D /* Products */;
			projectDirPath = "";
			projectRoot = "";
			targets = (
				B1B98369237172FB00EAFD2D /* Countries */,
			);
		};
/* End PBXProject section */

/* Begin PBXResourcesBuildPhase section */
		B1B98368237172FB00EAFD2D /* Resources */ = {
			isa = PBXResourcesBuildPhase;
			buildActionMask = 2147483647;
			files = (
				B1B9837A237172FE00EAFD2D /* LaunchScreen.storyboard in Resources */,
				B1B98377237172FE00EAFD2D /* Assets.xcassets in Resources */,
				B1B98375237172FB00EAFD2D /* Main.storyboard in Resources */,
				B1B983982371830800EAFD2D /* CountriesCell.xib in Resources */,
				B1B983A52371A2B600EAFD2D /* Borders.storyboard in Resources */,
				B1B9838C23717BD000EAFD2D /* Countries.storyboard in Resources */,
			);
			runOnlyForDeploymentPostprocessing = 0;
		};
/* End PBXResourcesBuildPhase section */

/* Begin PBXShellScriptBuildPhase section */
		DB2E558EE5FB494FBB3BE6B1 /* [CP] Check Pods Manifest.lock */ = {
			isa = PBXShellScriptBuildPhase;
			buildActionMask = 2147483647;
			files = (
			);
			inputFileListPaths = (
			);
			inputPaths = (
				"${PODS_PODFILE_DIR_PATH}/Podfile.lock",
				"${PODS_ROOT}/Manifest.lock",
			);
			name = "[CP] Check Pods Manifest.lock";
			outputFileListPaths = (
			);
			outputPaths = (
				"$(DERIVED_FILE_DIR)/Pods-Countries-checkManifestLockResult.txt",
			);
			runOnlyForDeploymentPostprocessing = 0;
			shellPath = /bin/sh;
			shellScript = "diff \"${PODS_PODFILE_DIR_PATH}/Podfile.lock\" \"${PODS_ROOT}/Manifest.lock\" > /dev/null\nif [ $? != 0 ] ; then\n    # print error to STDERR\n    echo \"error: The sandbox is not in sync with the Podfile.lock. Run 'pod install' or update your CocoaPods installation.\" >&2\n    exit 1\nfi\n# This output is used by Xcode 'outputs' to avoid re-running this script phase.\necho \"SUCCESS\" > \"${SCRIPT_OUTPUT_FILE_0}\"\n";
			showEnvVarsInLog = 0;
		};
		E79241CAB5E286881E2A74C4 /* [CP] Embed Pods Frameworks */ = {
			isa = PBXShellScriptBuildPhase;
			buildActionMask = 2147483647;
			files = (
			);
			inputFileListPaths = (
				"${PODS_ROOT}/Target Support Files/Pods-Countries/Pods-Countries-frameworks-${CONFIGURATION}-input-files.xcfilelist",
			);
			name = "[CP] Embed Pods Frameworks";
			outputFileListPaths = (
				"${PODS_ROOT}/Target Support Files/Pods-Countries/Pods-Countries-frameworks-${CONFIGURATION}-output-files.xcfilelist",
			);
			runOnlyForDeploymentPostprocessing = 0;
			shellPath = /bin/sh;
			shellScript = "\"${PODS_ROOT}/Target Support Files/Pods-Countries/Pods-Countries-frameworks.sh\"\n";
			showEnvVarsInLog = 0;
		};
/* End PBXShellScriptBuildPhase section */

/* Begin PBXSourcesBuildPhase section */
		B1B98366237172FB00EAFD2D /* Sources */ = {
			isa = PBXSourcesBuildPhase;
			buildActionMask = 2147483647;
			files = (
				B1B9838A23717B5E00EAFD2D /* Storyboard.swift in Sources */,
				B1B983972371830800EAFD2D /* CountriesCell.swift in Sources */,
				B1B983A22371A11E00EAFD2D /* BordersViewController.swift in Sources */,
				B1B98392237181CF00EAFD2D /* CountriesTableViewDelegate.swift in Sources */,
				B1B9836E237172FB00EAFD2D /* AppDelegate.swift in Sources */,
				B1B9839D237187EA00EAFD2D /* Country.swift in Sources */,
				B1B98394237181FC00EAFD2D /* CountriesTableViewDataSource.swift in Sources */,
				B1B9839A2371840E00EAFD2D /* UITableView.swift in Sources */,
				B1B983A0237199A000EAFD2D /* Service.swift in Sources */,
				B1B98370237172FB00EAFD2D /* SceneDelegate.swift in Sources */,
				B1B9838423717A5D00EAFD2D /* CountriesViewController.swift in Sources */,
			);
			runOnlyForDeploymentPostprocessing = 0;
		};
/* End PBXSourcesBuildPhase section */

/* Begin PBXVariantGroup section */
		B1B98373237172FB00EAFD2D /* Main.storyboard */ = {
			isa = PBXVariantGroup;
			children = (
				B1B98374237172FB00EAFD2D /* Base */,
			);
			name = Main.storyboard;
			sourceTree = "<group>";
		};
		B1B98378237172FE00EAFD2D /* LaunchScreen.storyboard */ = {
			isa = PBXVariantGroup;
			children = (
				B1B98379237172FE00EAFD2D /* Base */,
			);
			name = LaunchScreen.storyboard;
			sourceTree = "<group>";
		};
/* End PBXVariantGroup section */

/* Begin XCBuildConfiguration section */
		B1B9837C237172FE00EAFD2D /* Debug */ = {
			isa = XCBuildConfiguration;
			buildSettings = {
				ALWAYS_SEARCH_USER_PATHS = NO;
				CLANG_ANALYZER_NONNULL = YES;
				CLANG_ANALYZER_NUMBER_OBJECT_CONVERSION = YES_AGGRESSIVE;
				CLANG_CXX_LANGUAGE_STANDARD = "gnu++14";
				CLANG_CXX_LIBRARY = "libc++";
				CLANG_ENABLE_MODULES = YES;
				CLANG_ENABLE_OBJC_ARC = YES;
				CLANG_ENABLE_OBJC_WEAK = YES;
				CLANG_WARN_BLOCK_CAPTURE_AUTORELEASING = YES;
				CLANG_WARN_BOOL_CONVERSION = YES;
				CLANG_WARN_COMMA = YES;
				CLANG_WARN_CONSTANT_CONVERSION = YES;
				CLANG_WARN_DEPRECATED_OBJC_IMPLEMENTATIONS = YES;
				CLANG_WARN_DIRECT_OBJC_ISA_USAGE = YES_ERROR;
				CLANG_WARN_DOCUMENTATION_COMMENTS = YES;
				CLANG_WARN_EMPTY_BODY = YES;
				CLANG_WARN_ENUM_CONVERSION = YES;
				CLANG_WARN_INFINITE_RECURSION = YES;
				CLANG_WARN_INT_CONVERSION = YES;
				CLANG_WARN_NON_LITERAL_NULL_CONVERSION = YES;
				CLANG_WARN_OBJC_IMPLICIT_RETAIN_SELF = YES;
				CLANG_WARN_OBJC_LITERAL_CONVERSION = YES;
				CLANG_WARN_OBJC_ROOT_CLASS = YES_ERROR;
				CLANG_WARN_RANGE_LOOP_ANALYSIS = YES;
				CLANG_WARN_STRICT_PROTOTYPES = YES;
				CLANG_WARN_SUSPICIOUS_MOVE = YES;
				CLANG_WARN_UNGUARDED_AVAILABILITY = YES_AGGRESSIVE;
				CLANG_WARN_UNREACHABLE_CODE = YES;
				CLANG_WARN__DUPLICATE_METHOD_MATCH = YES;
				COPY_PHASE_STRIP = NO;
				DEBUG_INFORMATION_FORMAT = dwarf;
				ENABLE_STRICT_OBJC_MSGSEND = YES;
				ENABLE_TESTABILITY = YES;
				GCC_C_LANGUAGE_STANDARD = gnu11;
				GCC_DYNAMIC_NO_PIC = NO;
				GCC_NO_COMMON_BLOCKS = YES;
				GCC_OPTIMIZATION_LEVEL = 0;
				GCC_PREPROCESSOR_DEFINITIONS = (
					"DEBUG=1",
					"$(inherited)",
				);
				GCC_WARN_64_TO_32_BIT_CONVERSION = YES;
				GCC_WARN_ABOUT_RETURN_TYPE = YES_ERROR;
				GCC_WARN_UNDECLARED_SELECTOR = YES;
				GCC_WARN_UNINITIALIZED_AUTOS = YES_AGGRESSIVE;
				GCC_WARN_UNUSED_FUNCTION = YES;
				GCC_WARN_UNUSED_VARIABLE = YES;
				IPHONEOS_DEPLOYMENT_TARGET = 13.1;
				MTL_ENABLE_DEBUG_INFO = INCLUDE_SOURCE;
				MTL_FAST_MATH = YES;
				ONLY_ACTIVE_ARCH = YES;
				SDKROOT = iphoneos;
				SWIFT_ACTIVE_COMPILATION_CONDITIONS = DEBUG;
				SWIFT_OPTIMIZATION_LEVEL = "-Onone";
			};
			name = Debug;
		};
		B1B9837D237172FE00EAFD2D /* Release */ = {
			isa = XCBuildConfiguration;
			buildSettings = {
				ALWAYS_SEARCH_USER_PATHS = NO;
				CLANG_ANALYZER_NONNULL = YES;
				CLANG_ANALYZER_NUMBER_OBJECT_CONVERSION = YES_AGGRESSIVE;
				CLANG_CXX_LANGUAGE_STANDARD = "gnu++14";
				CLANG_CXX_LIBRARY = "libc++";
				CLANG_ENABLE_MODULES = YES;
				CLANG_ENABLE_OBJC_ARC = YES;
				CLANG_ENABLE_OBJC_WEAK = YES;
				CLANG_WARN_BLOCK_CAPTURE_AUTORELEASING = YES;
				CLANG_WARN_BOOL_CONVERSION = YES;
				CLANG_WARN_COMMA = YES;
				CLANG_WARN_CONSTANT_CONVERSION = YES;
				CLANG_WARN_DEPRECATED_OBJC_IMPLEMENTATIONS = YES;
				CLANG_WARN_DIRECT_OBJC_ISA_USAGE = YES_ERROR;
				CLANG_WARN_DOCUMENTATION_COMMENTS = YES;
				CLANG_WARN_EMPTY_BODY = YES;
				CLANG_WARN_ENUM_CONVERSION = YES;
				CLANG_WARN_INFINITE_RECURSION = YES;
				CLANG_WARN_INT_CONVERSION = YES;
				CLANG_WARN_NON_LITERAL_NULL_CONVERSION = YES;
				CLANG_WARN_OBJC_IMPLICIT_RETAIN_SELF = YES;
				CLANG_WARN_OBJC_LITERAL_CONVERSION = YES;
				CLANG_WARN_OBJC_ROOT_CLASS = YES_ERROR;
				CLANG_WARN_RANGE_LOOP_ANALYSIS = YES;
				CLANG_WARN_STRICT_PROTOTYPES = YES;
				CLANG_WARN_SUSPICIOUS_MOVE = YES;
				CLANG_WARN_UNGUARDED_AVAILABILITY = YES_AGGRESSIVE;
				CLANG_WARN_UNREACHABLE_CODE = YES;
				CLANG_WARN__DUPLICATE_METHOD_MATCH = YES;
				COPY_PHASE_STRIP = NO;
				DEBUG_INFORMATION_FORMAT = "dwarf-with-dsym";
				ENABLE_NS_ASSERTIONS = NO;
				ENABLE_STRICT_OBJC_MSGSEND = YES;
				GCC_C_LANGUAGE_STANDARD = gnu11;
				GCC_NO_COMMON_BLOCKS = YES;
				GCC_WARN_64_TO_32_BIT_CONVERSION = YES;
				GCC_WARN_ABOUT_RETURN_TYPE = YES_ERROR;
				GCC_WARN_UNDECLARED_SELECTOR = YES;
				GCC_WARN_UNINITIALIZED_AUTOS = YES_AGGRESSIVE;
				GCC_WARN_UNUSED_FUNCTION = YES;
				GCC_WARN_UNUSED_VARIABLE = YES;
				IPHONEOS_DEPLOYMENT_TARGET = 13.1;
				MTL_ENABLE_DEBUG_INFO = NO;
				MTL_FAST_MATH = YES;
				SDKROOT = iphoneos;
				SWIFT_COMPILATION_MODE = wholemodule;
				SWIFT_OPTIMIZATION_LEVEL = "-O";
				VALIDATE_PRODUCT = YES;
			};
			name = Release;
		};
		B1B9837F237172FE00EAFD2D /* Debug */ = {
			isa = XCBuildConfiguration;
			baseConfigurationReference = 97675C733F47A8ED805EA747 /* Pods-Countries.debug.xcconfig */;
			buildSettings = {
				ASSETCATALOG_COMPILER_APPICON_NAME = AppIcon;
				CODE_SIGN_STYLE = Automatic;
				INFOPLIST_FILE = Supporting/Info.plist;
				LD_RUNPATH_SEARCH_PATHS = (
					"$(inherited)",
					"@executable_path/Frameworks",
				);
				PRODUCT_BUNDLE_IDENTIFIER = "Tom-Zion.Countries";
				PRODUCT_NAME = "$(TARGET_NAME)";
				SWIFT_VERSION = 5.0;
				TARGETED_DEVICE_FAMILY = "1,2";
			};
			name = Debug;
		};
		B1B98380237172FE00EAFD2D /* Release */ = {
			isa = XCBuildConfiguration;
			baseConfigurationReference = BA3CCFF7D905A19D6BC1809B /* Pods-Countries.release.xcconfig */;
			buildSettings = {
				ASSETCATALOG_COMPILER_APPICON_NAME = AppIcon;
				CODE_SIGN_STYLE = Automatic;
				INFOPLIST_FILE = Supporting/Info.plist;
				LD_RUNPATH_SEARCH_PATHS = (
					"$(inherited)",
					"@executable_path/Frameworks",
				);
				PRODUCT_BUNDLE_IDENTIFIER = "Tom-Zion.Countries";
				PRODUCT_NAME = "$(TARGET_NAME)";
				SWIFT_VERSION = 5.0;
				TARGETED_DEVICE_FAMILY = "1,2";
			};
			name = Release;
		};
/* End XCBuildConfiguration section */

/* Begin XCConfigurationList section */
		B1B98365237172FB00EAFD2D /* Build configuration list for PBXProject "Countries" */ = {
			isa = XCConfigurationList;
			buildConfigurations = (
				B1B9837C237172FE00EAFD2D /* Debug */,
				B1B9837D237172FE00EAFD2D /* Release */,
			);
			defaultConfigurationIsVisible = 0;
			defaultConfigurationName = Release;
		};
		B1B9837E237172FE00EAFD2D /* Build configuration list for PBXNativeTarget "Countries" */ = {
			isa = XCConfigurationList;
			buildConfigurations = (
				B1B9837F237172FE00EAFD2D /* Debug */,
				B1B98380237172FE00EAFD2D /* Release */,
			);
			defaultConfigurationIsVisible = 0;
			defaultConfigurationName = Release;
		};
/* End XCConfigurationList section */
	};
	rootObject = B1B98362237172FB00EAFD2D /* Project object */;
}
